{
  "version": 4,
  "terraform_version": "1.14.8",
  "serial": 3,
  "lineage": "ac59d8dc-2e85-3ab2-e87d-cc550a66acba",
  "outputs": {
    "public_ip": {
      "value": "54.255.171.223",
      "type": "string"
    },
    "public_url": {
      "value": "http://54.255.171.223",
      "type": "string"
    },
    "ssh_command": {
      "value": "ssh -i trainee-2026-sayad-craftsbite-backend.pem ec2-user@54.255.171.223",
      "type": "string"
    },
    "swagger_url": {
      "value": "http://54.255.171.223/swagger/index.html",
      "type": "string"
    }
  },
  "resources": [
    {
      "mode": "data",
      "type": "aws_iam_instance_profile",
      "name": "ec2_profile",
      "provider": "provider[\"registry.terraform.io/hashicorp/aws\"]",
      "instances": [
        {
          "schema_version": 0,
          "attributes": {
            "arn": "arn:aws:iam::211125488712:instance-profile/trainee-2026-sayad-ec2-s3-craftsbite-role",
            "create_date": "2026-04-01 07:39:35 +0000 UTC",
            "id": "AIPATCKAPJREPZ5RKXGRM",
            "name": "trainee-2026-sayad-ec2-s3-craftsbite-role",
            "path": "/",
            "role_arn": "arn:aws:iam::211125488712:role/trainee-2026-sayad-ec2-s3-craftsbite-role",
            "role_id": "AROATCKAPJREAHYIST3JZ",
            "role_name": "trainee-2026-sayad-ec2-s3-craftsbite-role"
          },
          "sensitive_attributes": [],
          "identity_schema_version": 0
        }
      ]
    },
    {
      "mode": "managed",
      "type": "aws_instance",
      "name": "craftsbite",
      "provider": "provider[\"registry.terraform.io/hashicorp/aws\"]",
      "instances": [
        {
          "schema_version": 2,
          "attributes": {
            "ami": "ami-0c0292c4186d3d1ec",
            "arn": "arn:aws:ec2:ap-southeast-1:211125488712:instance/i-0fb789255755755ab",
            "associate_public_ip_address": true,
            "availability_zone": "ap-southeast-1a",
            "capacity_reservation_specification": [
              {
                "capacity_reservation_preference": "open",
                "capacity_reservation_target": []
              }
            ],
            "cpu_options": [
              {
                "amd_sev_snp": "",
                "core_count": 1,
                "nested_virtualization": "",
                "threads_per_core": 2
              }
            ],
            "credit_specification": [
              {
                "cpu_credits": "unlimited"
              }
            ],
            "disable_api_stop": false,
            "disable_api_termination": false,
            "ebs_block_device": [],
            "ebs_optimized": false,
            "enable_primary_ipv6": null,
            "enclave_options": [
              {
                "enabled": false
              }
            ],
            "ephemeral_block_device": [],
            "force_destroy": false,
            "get_password_data": false,
            "hibernation": false,
            "host_id": "",
            "host_resource_group_arn": null,
            "iam_instance_profile": "trainee-2026-sayad-ec2-s3-craftsbite-role",
            "id": "i-0fb789255755755ab",
            "instance_initiated_shutdown_behavior": "stop",
            "instance_lifecycle": "",
            "instance_market_options": [],
            "instance_state": "running",
            "instance_type": "t3.micro",
            "ipv6_address_count": 0,
            "ipv6_addresses": [],
            "key_name": "trainee-2026-sayad-craftsbite-backend",
            "launch_template": [],
            "maintenance_options": [
              {
                "auto_recovery": "default"
              }
            ],
            "metadata_options": [
              {
                "http_endpoint": "enabled",
                "http_protocol_ipv6": "disabled",
                "http_put_response_hop_limit": 2,
                "http_tokens": "required",
                "instance_metadata_tags": "disabled"
              }
            ],
            "monitoring": false,
            "network_interface": [],
            "outpost_arn": "",
            "password_data": "",
            "placement_group": "",
            "placement_group_id": "",
            "placement_partition_number": 0,
            "primary_network_interface": [
              {
                "delete_on_termination": true,
                "network_interface_id": "eni-0aa2ba18f0780fe35"
              }
            ],
            "primary_network_interface_id": "eni-0aa2ba18f0780fe35",
            "private_dns": "ip-172-31-43-52.ap-southeast-1.compute.internal",
            "private_dns_name_options": [
              {
                "enable_resource_name_dns_a_record": false,
                "enable_resource_name_dns_aaaa_record": false,
                "hostname_type": "ip-name"
              }
            ],
            "private_ip": "172.31.43.52",
            "public_dns": "ec2-54-255-171-223.ap-southeast-1.compute.amazonaws.com",
            "public_ip": "54.255.171.223",
            "region": "ap-southeast-1",
            "root_block_device": [
              {
                "delete_on_termination": true,
                "device_name": "/dev/xvda",
                "encrypted": false,
                "iops": 3000,
                "kms_key_id": "",
                "tags": null,
                "tags_all": {},
                "throughput": 125,
                "volume_id": "vol-0db8dc15a96632550",
                "volume_size": 8,
                "volume_type": "gp3"
              }
            ],
            "secondary_network_interface": [],
            "secondary_private_ips": [],
            "security_groups": [
              "trainee-2026-sayad-craftsbite-sg"
            ],
            "source_dest_check": true,
            "spot_instance_request_id": "",
            "subnet_id": "subnet-07a8636508b6afcc5",
            "tags": {
              "Name": "trainee-2026-sayad-craftsbite-server"
            },
            "tags_all": {
              "Name": "trainee-2026-sayad-craftsbite-server"
            },
            "tenancy": "default",
            "timeouts": null,
            "user_data": "#!/bin/bash\r\nset -e\r\n\r\nS3_BUCKET=\"trainee-2026-sayad-craftsbite\"\r\nBINARY_NAME=\"craftsbite-server\"\r\nAPP_DIR=\"/home/ec2-user/craftsbite-backend-ec2\"\r\nSERVICE_NAME=\"craftsbite\"\r\nAPP_PORT=\"8080\"\r\n\r\n# System Update\r\necho \"🔄 Updating System...\"\r\ndnf update -y\r\n\r\necho \"Installing Nginx\"\r\ndnf install nginx -y\r\nsystemctl enable nginx\r\nsystemctl start nginx\r\n\r\necho \"Creating app dir\"\r\nmkdir -p $APP_DIR\r\nchown ec2-user:ec2-user $APP_DIR\r\n\r\necho \"Downloading binary \u0026 .env from s3 bucket\"\r\naws s3 cp s3://$S3_BUCKET/$BINARY_NAME $APP_DIR\r\nchmod +x $APP_DIR/$BINARY_NAME\r\nchown ec2-user:ec2-user $APP_DIR/$BINARY_NAME\r\n\r\naws s3 cp s3://$S3_BUCKET/.env $APP_DIR\r\nchown ec2-user:ec2-user $APP_DIR/.env\r\n\r\necho \"Creating systemd service...\"\r\ncat \u003e /etc/systemd/system/$SERVICE_NAME.service \u003c\u003cEOF\r\n[Unit]\r\nDescription=Craftsbite API Server\r\nAfter=network.target\r\n\r\n[Service]\r\nUser=ec2-user\r\nWorkingDirectory=$APP_DIR\r\nExecStart=$APP_DIR/$BINARY_NAME\r\nRestart=always\r\nRestartSec=5\r\nEnvironmentFile=$APP_DIR/.env\r\n\r\n[Install]\r\nWantedBy=multi-user.target\r\nEOF\r\n\r\nsystemctl daemon-reload\r\nsystemctl enable $SERVICE_NAME\r\nsystemctl start $SERVICE_NAME\r\n\r\necho \"Configuring NGINX\"\r\n# Fix: Replace nginx.conf to remove default server block conflict\r\ncat \u003e /etc/nginx/nginx.conf \u003c\u003c'EOF'\r\nuser nginx;\r\nworker_processes auto;\r\nerror_log /var/log/nginx/error.log notice;\r\npid /run/nginx.pid;\r\n\r\ninclude /usr/share/nginx/modules/*.conf;\r\n\r\nevents {\r\n    worker_connections 1024;\r\n}\r\n\r\nhttp {\r\n    log_format  main  '$remote_addr - $remote_user [$time_local] \"$request\" '\r\n                      '$status $body_bytes_sent \"$http_referer\" '\r\n                      '\"$http_user_agent\" \"$http_x_forwarded_for\"';\r\n\r\n    access_log  /var/log/nginx/access.log  main;\r\n\r\n    sendfile            on;\r\n    tcp_nopush          on;\r\n    keepalive_timeout   65;\r\n    types_hash_max_size 4096;\r\n\r\n    include             /etc/nginx/mime.types;\r\n    default_type        application/octet-stream;\r\n\r\n    include /etc/nginx/conf.d/*.conf;\r\n}\r\nEOF\r\n\r\ncat \u003e /etc/nginx/conf.d/craftsbite.conf \u003c\u003cEOF\r\nserver {\r\n    listen 80;\r\n\r\n    location / {\r\n        proxy_pass http://localhost:$APP_PORT;\r\n        proxy_set_header Host \\$host;\r\n        proxy_set_header X-Real-IP \\$remote_addr;\r\n        proxy_set_header X-Forwarded-For \\$proxy_add_x_forwarded_for;\r\n    }\r\n}\r\nEOF\r\n\r\nnginx -t\r\nsystemctl restart nginx\r\n\r\necho \"Creating deploy script\"\r\ncat \u003e /home/ec2-user/deploy.sh \u003c\u003cEOF\r\n#!/bin/bash\r\nset -e\r\n\r\necho \"Downloading latest binary from S3...\"\r\naws s3 cp s3://$S3_BUCKET/$BINARY_NAME $APP_DIR/$BINARY_NAME\r\nchmod +x $APP_DIR/$BINARY_NAME\r\n\r\necho \"Restarting Service\"\r\nsudo systemctl restart $SERVICE_NAME\r\n\r\necho \"Deployed Successfully\"\r\nsudo systemctl status $SERVICE_NAME\r\nEOF\r\n\r\nchmod +x /home/ec2-user/deploy.sh\r\nchown ec2-user:ec2-user /home/ec2-user/deploy.sh\r\n\r\necho \"Setup Complete! Craftsbite is running...\"",
            "user_data_base64": null,
            "user_data_replace_on_change": false,
            "volume_tags": null,
            "vpc_security_group_ids": [
              "sg-086ea71becb811fc8"
            ]
          },
          "sensitive_attributes": [],
          "identity_schema_version": 0,
          "identity": {
            "account_id": "211125488712",
            "id": "i-0fb789255755755ab",
            "region": "ap-southeast-1"
          },
          "private": "eyJlMmJmYjczMC1lY2FhLTExZTYtOGY4OC0zNDM2M2JjN2M0YzAiOnsiY3JlYXRlIjo2MDAwMDAwMDAwMDAsImRlbGV0ZSI6MTIwMDAwMDAwMDAwMCwicmVhZCI6OTAwMDAwMDAwMDAwLCJ1cGRhdGUiOjYwMDAwMDAwMDAwMH0sInNjaGVtYV92ZXJzaW9uIjoiMiJ9",
          "dependencies": [
            "aws_security_group.craftsbite_sg",
            "data.aws_iam_instance_profile.ec2_profile"
          ]
        }
      ]
    },
    {
      "mode": "managed",
      "type": "aws_security_group",
      "name": "craftsbite_sg",
      "provider": "provider[\"registry.terraform.io/hashicorp/aws\"]",
      "instances": [
        {
          "schema_version": 1,
          "attributes": {
            "arn": "arn:aws:ec2:ap-southeast-1:211125488712:security-group/sg-086ea71becb811fc8",
            "description": "Secuirty Group for Craftsbite server",
            "egress": [
              {
                "cidr_blocks": [
                  "0.0.0.0/0"
                ],
                "description": "",
                "from_port": 0,
                "ipv6_cidr_blocks": [],
                "prefix_list_ids": [],
                "protocol": "-1",
                "security_groups": [],
                "self": false,
                "to_port": 0
              }
            ],
            "id": "sg-086ea71becb811fc8",
            "ingress": [
              {
                "cidr_blocks": [
                  "0.0.0.0/0"
                ],
                "description": "HTTP",
                "from_port": 80,
                "ipv6_cidr_blocks": [],
                "prefix_list_ids": [],
                "protocol": "tcp",
                "security_groups": [],
                "self": false,
                "to_port": 80
              },
              {
                "cidr_blocks": [
                  "0.0.0.0/0"
                ],
                "description": "SSH",
                "from_port": 22,
                "ipv6_cidr_blocks": [],
                "prefix_list_ids": [],
                "protocol": "tcp",
                "security_groups": [],
                "self": false,
                "to_port": 22
              }
            ],
            "name": "trainee-2026-sayad-craftsbite-sg",
            "name_prefix": "",
            "owner_id": "211125488712",
            "region": "ap-southeast-1",
            "revoke_rules_on_delete": false,
            "tags": {
              "Name": "trainee-2026-sayad-craftsbite-sg"
            },
            "tags_all": {
              "Name": "trainee-2026-sayad-craftsbite-sg"
            },
            "timeouts": null,
            "vpc_id": "vpc-00476759f0c7ee1d5"
          },
          "sensitive_attributes": [],
          "identity_schema_version": 0,
          "identity": {
            "account_id": "211125488712",
            "id": "sg-086ea71becb811fc8",
            "region": "ap-southeast-1"
          },
          "private": "eyJlMmJmYjczMC1lY2FhLTExZTYtOGY4OC0zNDM2M2JjN2M0YzAiOnsiY3JlYXRlIjo2MDAwMDAwMDAwMDAsImRlbGV0ZSI6OTAwMDAwMDAwMDAwfSwic2NoZW1hX3ZlcnNpb24iOiIxIn0="
        }
      ]
    }
  ],
  "check_results": null
}
